
Microsoft Visual Studio Solution File, Format Version 12.00
# Visual Studio Version 17
VisualStudioVersion = 17.9.34622.214
MinimumVisualStudioVersion = 10.0.40219.1
Project("{FAE04EC0-301F-11D3-BF4B-00C04F79EFBC}") = "Задача", "Задача\Задача.csproj", "{BAB63908-6682-4FDD-B3D4-09CA07584FEA}"
EndProject
Global
	GlobalSection(SolutionConfigurationPlatforms) = preSolution
		Debug|Any CPU = Debug|Any CPU
		Release|Any CPU = Release|Any CPU
	EndGlobalSection
	GlobalSection(ProjectConfigurationPlatforms) = postSolution
		{BAB63908-6682-4FDD-B3D4-09CA07584FEA}.Debug|Any CPU.ActiveCfg = Debug|Any CPU
		{BAB63908-6682-4FDD-B3D4-09CA07584FEA}.Debug|Any CPU.Build.0 = Debug|Any CPU
		{BAB63908-6682-4FDD-B3D4-09CA07584FEA}.Release|Any CPU.ActiveCfg = Release|Any CPU
		{BAB63908-6682-4FDD-B3D4-09CA07584FEA}.Release|Any CPU.Build.0 = Release|Any CPU
	EndGlobalSection
	GlobalSection(SolutionProperties) = preSolution
		HideSolutionNode = FALSE
	EndGlobalSection
	GlobalSection(ExtensibilityGlobals) = postSolution
		SolutionGuid = {AD035E66-09BB-41D1-93EF-16FB482FC81A}
	EndGlobalSection
EndGlobal
